
Microsoft Visual Studio Solution File, Format Version 12.00
# Visual Studio Version 17
VisualStudioVersion = 17.0.31903.59
MinimumVisualStudioVersion = 10.0.40219.1
Project("{2150E333-8FDC-42A3-9474-1A3956D46DE8}") = "src", "src", "{FBF73196-AF96-40F1-BA12-3F3577378DB1}"
EndProject
Project("{FAE04EC0-301F-11D3-BF4B-00C04F79EFBC}") = "WinForge", "src\Launcher\WinForge.csproj", "{999E397D-13FE-429B-8E80-ED519D3AE214}"
EndProject
Project("{FAE04EC0-301F-11D3-BF4B-00C04F79EFBC}") = "Launcher.Tests", "src\Launcher.Tests\Launcher.Tests.csproj", "{929C8B42-38F5-478C-A7DD-9BA86091B7DD}"
EndProject
Global
	GlobalSection(SolutionConfigurationPlatforms) = preSolution
		Debug|Any CPU = Debug|Any CPU
		Release|Any CPU = Release|Any CPU
	EndGlobalSection
	GlobalSection(SolutionProperties) = preSolution
		HideSolutionNode = FALSE
	EndGlobalSection
	GlobalSection(ProjectConfigurationPlatforms) = postSolution
		{999E397D-13FE-429B-8E80-ED519D3AE214}.Debug|Any CPU.ActiveCfg = Debug|Any CPU
		{999E397D-13FE-429B-8E80-ED519D3AE214}.Debug|Any CPU.Build.0 = Debug|Any CPU
		{999E397D-13FE-429B-8E80-ED519D3AE214}.Release|Any CPU.ActiveCfg = Release|Any CPU
		{999E397D-13FE-429B-8E80-ED519D3AE214}.Release|Any CPU.Build.0 = Release|Any CPU
		{929C8B42-38F5-478C-A7DD-9BA86091B7DD}.Debug|Any CPU.ActiveCfg = Debug|Any CPU
		{929C8B42-38F5-478C-A7DD-9BA86091B7DD}.Debug|Any CPU.Build.0 = Debug|Any CPU
		{929C8B42-38F5-478C-A7DD-9BA86091B7DD}.Release|Any CPU.ActiveCfg = Release|Any CPU
		{929C8B42-38F5-478C-A7DD-9BA86091B7DD}.Release|Any CPU.Build.0 = Release|Any CPU
	EndGlobalSection
	GlobalSection(NestedProjects) = preSolution
		{999E397D-13FE-429B-8E80-ED519D3AE214} = {FBF73196-AF96-40F1-BA12-3F3577378DB1}
		{929C8B42-38F5-478C-A7DD-9BA86091B7DD} = {FBF73196-AF96-40F1-BA12-3F3577378DB1}
	EndGlobalSection
EndGlobal
